// !$*UTF8*$!
{
	archiveVersion = 1;
	classes = {
	};
	objectVersion = 46;
	objects = {

/* Begin PBXBuildFile section */
		0BE4DCB71BF10C3F0097B34C /* MapKit.framework in Frameworks */ = {isa = PBXBuildFile; fileRef = 0BE4DCB61BF10C3F0097B34C /* MapKit.framework */; };
		0BE4DCBA1BF1108E0097B34C /* CustomPin.m in Sources */ = {isa = PBXBuildFile; fileRef = 0BE4DCB91BF1108E0097B34C /* CustomPin.m */; };
		2C52F1D779145021059FA925 /* libPods.a in Frameworks */ = {isa = PBXBuildFile; fileRef = 3C56A4FC2699A23DCDC70018 /* libPods.a */; };
		4DBA58DD1BEFF1BD00668D63 /* main.m in Sources */ = {isa = PBXBuildFile; fileRef = 4DBA58DC1BEFF1BD00668D63 /* main.m */; };
		4DBA58E01BEFF1BD00668D63 /* AppDelegate.m in Sources */ = {isa = PBXBuildFile; fileRef = 4DBA58DF1BEFF1BD00668D63 /* AppDelegate.m */; };
		4DBA58E61BEFF1BD00668D63 /* Main.storyboard in Resources */ = {isa = PBXBuildFile; fileRef = 4DBA58E41BEFF1BD00668D63 /* Main.storyboard */; };
		4DBA58E91BEFF1BD00668D63 /* unit_3_final_project.xcdatamodeld in Sources */ = {isa = PBXBuildFile; fileRef = 4DBA58E71BEFF1BD00668D63 /* unit_3_final_project.xcdatamodeld */; };
		4DBA58EB1BEFF1BD00668D63 /* Assets.xcassets in Resources */ = {isa = PBXBuildFile; fileRef = 4DBA58EA1BEFF1BD00668D63 /* Assets.xcassets */; };
		4DBA58EE1BEFF1BD00668D63 /* LaunchScreen.storyboard in Resources */ = {isa = PBXBuildFile; fileRef = 4DBA58EC1BEFF1BD00668D63 /* LaunchScreen.storyboard */; };
		4DBA58F71BEFF34200668D63 /* InitialViewController.m in Sources */ = {isa = PBXBuildFile; fileRef = 4DBA58F61BEFF34200668D63 /* InitialViewController.m */; };
		4DBA58FA1BEFF3BA00668D63 /* DetailViewController.m in Sources */ = {isa = PBXBuildFile; fileRef = 4DBA58F91BEFF3BA00668D63 /* DetailViewController.m */; };
		5FE8B8571BF412DF00D1F557 /* ArtistInfoData.m in Sources */ = {isa = PBXBuildFile; fileRef = 5FE8B8561BF412DF00D1F557 /* ArtistInfoData.m */; };
/* End PBXBuildFile section */

/* Begin PBXFileReference section */
		0BE4DCB61BF10C3F0097B34C /* MapKit.framework */ = {isa = PBXFileReference; lastKnownFileType = wrapper.framework; name = MapKit.framework; path = System/Library/Frameworks/MapKit.framework; sourceTree = SDKROOT; };
		0BE4DCB81BF1108E0097B34C /* CustomPin.h */ = {isa = PBXFileReference; fileEncoding = 4; lastKnownFileType = sourcecode.c.h; path = CustomPin.h; sourceTree = "<group>"; };
		0BE4DCB91BF1108E0097B34C /* CustomPin.m */ = {isa = PBXFileReference; fileEncoding = 4; lastKnownFileType = sourcecode.c.objc; path = CustomPin.m; sourceTree = "<group>"; };
		3C56A4FC2699A23DCDC70018 /* libPods.a */ = {isa = PBXFileReference; explicitFileType = archive.ar; includeInIndex = 0; path = libPods.a; sourceTree = BUILT_PRODUCTS_DIR; };
		4DBA58D81BEFF1BD00668D63 /* unit-3-final-project.app */ = {isa = PBXFileReference; explicitFileType = wrapper.application; includeInIndex = 0; path = "unit-3-final-project.app"; sourceTree = BUILT_PRODUCTS_DIR; };
		4DBA58DC1BEFF1BD00668D63 /* main.m */ = {isa = PBXFileReference; lastKnownFileType = sourcecode.c.objc; path = main.m; sourceTree = "<group>"; };
		4DBA58DE1BEFF1BD00668D63 /* AppDelegate.h */ = {isa = PBXFileReference; lastKnownFileType = sourcecode.c.h; path = AppDelegate.h; sourceTree = "<group>"; };
		4DBA58DF1BEFF1BD00668D63 /* AppDelegate.m */ = {isa = PBXFileReference; lastKnownFileType = sourcecode.c.objc; path = AppDelegate.m; sourceTree = "<group>"; };
		4DBA58E51BEFF1BD00668D63 /* Base */ = {isa = PBXFileReference; lastKnownFileType = file.storyboard; name = Base; path = Base.lproj/Main.storyboard; sourceTree = "<group>"; };
		4DBA58E81BEFF1BD00668D63 /* unit_3_final_project.xcdatamodel */ = {isa = PBXFileReference; lastKnownFileType = wrapper.xcdatamodel; path = unit_3_final_project.xcdatamodel; sourceTree = "<group>"; };
		4DBA58EA1BEFF1BD00668D63 /* Assets.xcassets */ = {isa = PBXFileReference; lastKnownFileType = folder.assetcatalog; path = Assets.xcassets; sourceTree = "<group>"; };
		4DBA58ED1BEFF1BD00668D63 /* Base */ = {isa = PBXFileReference; lastKnownFileType = file.storyboard; name = Base; path = Base.lproj/LaunchScreen.storyboard; sourceTree = "<group>"; };
		4DBA58EF1BEFF1BD00668D63 /* Info.plist */ = {isa = PBXFileReference; lastKnownFileType = text.plist.xml; path = Info.plist; sourceTree = "<group>"; };
		4DBA58F51BEFF34200668D63 /* InitialViewController.h */ = {isa = PBXFileReference; fileEncoding = 4; lastKnownFileType = sourcecode.c.h; path = InitialViewController.h; sourceTree = "<group>"; };
		4DBA58F61BEFF34200668D63 /* InitialViewController.m */ = {isa = PBXFileReference; fileEncoding = 4; lastKnownFileType = sourcecode.c.objc; path = InitialViewController.m; sourceTree = "<group>"; };
		4DBA58F81BEFF3BA00668D63 /* DetailViewController.h */ = {isa = PBXFileReference; fileEncoding = 4; lastKnownFileType = sourcecode.c.h; path = DetailViewController.h; sourceTree = "<group>"; };
		4DBA58F91BEFF3BA00668D63 /* DetailViewController.m */ = {isa = PBXFileReference; fileEncoding = 4; lastKnownFileType = sourcecode.c.objc; path = DetailViewController.m; sourceTree = "<group>"; };
		5FE8B8551BF412DF00D1F557 /* ArtistInfoData.h */ = {isa = PBXFileReference; fileEncoding = 4; lastKnownFileType = sourcecode.c.h; path = ArtistInfoData.h; sourceTree = "<group>"; };
		5FE8B8561BF412DF00D1F557 /* ArtistInfoData.m */ = {isa = PBXFileReference; fileEncoding = 4; lastKnownFileType = sourcecode.c.objc; path = ArtistInfoData.m; sourceTree = "<group>"; };
		E1CA228851D4E7F9BFEC256D /* Pods.debug.xcconfig */ = {isa = PBXFileReference; includeInIndex = 1; lastKnownFileType = text.xcconfig; name = Pods.debug.xcconfig; path = "Pods/Target Support Files/Pods/Pods.debug.xcconfig"; sourceTree = "<group>"; };
		E381A40FE22BDEDA1E0296EB /* Pods.release.xcconfig */ = {isa = PBXFileReference; includeInIndex = 1; lastKnownFileType = text.xcconfig; name = Pods.release.xcconfig; path = "Pods/Target Support Files/Pods/Pods.release.xcconfig"; sourceTree = "<group>"; };
/* End PBXFileReference section */

/* Begin PBXFrameworksBuildPhase section */
		4DBA58D51BEFF1BD00668D63 /* Frameworks */ = {
			isa = PBXFrameworksBuildPhase;
			buildActionMask = 2147483647;
			files = (
				0BE4DCB71BF10C3F0097B34C /* MapKit.framework in Frameworks */,
				2C52F1D779145021059FA925 /* libPods.a in Frameworks */,
			);
			runOnlyForDeploymentPostprocessing = 0;
		};
/* End PBXFrameworksBuildPhase section */

/* Begin PBXGroup section */
		0246DD7FB649164E5BCB520B /* Pods */ = {
			isa = PBXGroup;
			children = (
				E1CA228851D4E7F9BFEC256D /* Pods.debug.xcconfig */,
				E381A40FE22BDEDA1E0296EB /* Pods.release.xcconfig */,
			);
			name = Pods;
			sourceTree = "<group>";
		};
		4DBA58CF1BEFF1BD00668D63 = {
			isa = PBXGroup;
			children = (
				0BE4DCB61BF10C3F0097B34C /* MapKit.framework */,
				4DBA58DA1BEFF1BD00668D63 /* unit-3-final-project */,
				4DBA58D91BEFF1BD00668D63 /* Products */,
				0246DD7FB649164E5BCB520B /* Pods */,
				71490F0067EF87169D6F2E4D /* Frameworks */,
			);
			sourceTree = "<group>";
		};
		4DBA58D91BEFF1BD00668D63 /* Products */ = {
			isa = PBXGroup;
			children = (
				4DBA58D81BEFF1BD00668D63 /* unit-3-final-project.app */,
			);
			name = Products;
			sourceTree = "<group>";
		};
		4DBA58DA1BEFF1BD00668D63 /* unit-3-final-project */ = {
			isa = PBXGroup;
			children = (
				4DBA58DE1BEFF1BD00668D63 /* AppDelegate.h */,
				4DBA58DF1BEFF1BD00668D63 /* AppDelegate.m */,
				5FE8B8551BF412DF00D1F557 /* ArtistInfoData.h */,
				5FE8B8561BF412DF00D1F557 /* ArtistInfoData.m */,
				4DBA58F51BEFF34200668D63 /* InitialViewController.h */,
				4DBA58F61BEFF34200668D63 /* InitialViewController.m */,
				4DBA58F81BEFF3BA00668D63 /* DetailViewController.h */,
				4DBA58F91BEFF3BA00668D63 /* DetailViewController.m */,
				0BE4DCB81BF1108E0097B34C /* CustomPin.h */,
				0BE4DCB91BF1108E0097B34C /* CustomPin.m */,
				4DBA58E41BEFF1BD00668D63 /* Main.storyboard */,
				4DBA58EA1BEFF1BD00668D63 /* Assets.xcassets */,
				4DBA58EC1BEFF1BD00668D63 /* LaunchScreen.storyboard */,
				4DBA58EF1BEFF1BD00668D63 /* Info.plist */,
				4DBA58E71BEFF1BD00668D63 /* unit_3_final_project.xcdatamodeld */,
				4DBA58DB1BEFF1BD00668D63 /* Supporting Files */,
			);
			path = "unit-3-final-project";
			sourceTree = "<group>";
		};
		4DBA58DB1BEFF1BD00668D63 /* Supporting Files */ = {
			isa = PBXGroup;
			children = (
				4DBA58DC1BEFF1BD00668D63 /* main.m */,
			);
			name = "Supporting Files";
			sourceTree = "<group>";
		};
		71490F0067EF87169D6F2E4D /* Frameworks */ = {
			isa = PBXGroup;
			children = (
				3C56A4FC2699A23DCDC70018 /* libPods.a */,
			);
			name = Frameworks;
			sourceTree = "<group>";
		};
/* End PBXGroup section */

/* Begin PBXNativeTarget section */
		4DBA58D71BEFF1BD00668D63 /* unit-3-final-project */ = {
			isa = PBXNativeTarget;
			buildConfigurationList = 4DBA58F21BEFF1BD00668D63 /* Build configuration list for PBXNativeTarget "unit-3-final-project" */;
			buildPhases = (
				456A366BF0DF737A174561F6 /* Check Pods Manifest.lock */,
				4DBA58D41BEFF1BD00668D63 /* Sources */,
				4DBA58D51BEFF1BD00668D63 /* Frameworks */,
				4DBA58D61BEFF1BD00668D63 /* Resources */,
				C6303839D80B14EB4904BB3A /* Copy Pods Resources */,
			);
			buildRules = (
			);
			dependencies = (
			);
			name = "unit-3-final-project";
			productName = "unit-3-final-project";
			productReference = 4DBA58D81BEFF1BD00668D63 /* unit-3-final-project.app */;
			productType = "com.apple.product-type.application";
		};
/* End PBXNativeTarget section */

/* Begin PBXProject section */
		4DBA58D01BEFF1BD00668D63 /* Project object */ = {
			isa = PBXProject;
			attributes = {
				LastUpgradeCheck = 0710;
				ORGANIZATIONNAME = "Shena Yoshida";
				TargetAttributes = {
					4DBA58D71BEFF1BD00668D63 = {
						CreatedOnToolsVersion = 7.1;
						DevelopmentTeam = 3J8TK6N9FY;
					};
				};
			};
			buildConfigurationList = 4DBA58D31BEFF1BD00668D63 /* Build configuration list for PBXProject "unit-3-final-project" */;
			compatibilityVersion = "Xcode 3.2";
			developmentRegion = English;
			hasScannedForEncodings = 0;
			knownRegions = (
				en,
				Base,
			);
			mainGroup = 4DBA58CF1BEFF1BD00668D63;
			productRefGroup = 4DBA58D91BEFF1BD00668D63 /* Products */;
			projectDirPath = "";
			projectRoot = "";
			targets = (
				4DBA58D71BEFF1BD00668D63 /* unit-3-final-project */,
			);
		};
/* End PBXProject section */

/* Begin PBXResourcesBuildPhase section */
		4DBA58D61BEFF1BD00668D63 /* Resources */ = {
			isa = PBXResourcesBuildPhase;
			buildActionMask = 2147483647;
			files = (
				4DBA58EE1BEFF1BD00668D63 /* LaunchScreen.storyboard in Resources */,
				4DBA58EB1BEFF1BD00668D63 /* Assets.xcassets in Resources */,
				4DBA58E61BEFF1BD00668D63 /* Main.storyboard in Resources */,
			);
			runOnlyForDeploymentPostprocessing = 0;
		};
/* End PBXResourcesBuildPhase section */

/* Begin PBXShellScriptBuildPhase section */
		456A366BF0DF737A174561F6 /* Check Pods Manifest.lock */ = {
			isa = PBXShellScriptBuildPhase;
			buildActionMask = 2147483647;
			files = (
			);
			inputPaths = (
			);
			name = "Check Pods Manifest.lock";
			outputPaths = (
			);
			runOnlyForDeploymentPostprocessing = 0;
			shellPath = /bin/sh;
			shellScript = "diff \"${PODS_ROOT}/../Podfile.lock\" \"${PODS_ROOT}/Manifest.lock\" > /dev/null\nif [[ $? != 0 ]] ; then\n    cat << EOM\nerror: The sandbox is not in sync with the Podfile.lock. Run 'pod install' or update your CocoaPods installation.\nEOM\n    exit 1\nfi\n";
			showEnvVarsInLog = 0;
		};
		C6303839D80B14EB4904BB3A /* Copy Pods Resources */ = {
			isa = PBXShellScriptBuildPhase;
			buildActionMask = 2147483647;
			files = (
			);
			inputPaths = (
			);
			name = "Copy Pods Resources";
			outputPaths = (
			);
			runOnlyForDeploymentPostprocessing = 0;
			shellPath = /bin/sh;
			shellScript = "\"${SRCROOT}/Pods/Target Support Files/Pods/Pods-resources.sh\"\n";
			showEnvVarsInLog = 0;
		};
/* End PBXShellScriptBuildPhase section */

/* Begin PBXSourcesBuildPhase section */
		4DBA58D41BEFF1BD00668D63 /* Sources */ = {
			isa = PBXSourcesBuildPhase;
			buildActionMask = 2147483647;
			files = (
				4DBA58FA1BEFF3BA00668D63 /* DetailViewController.m in Sources */,
				4DBA58E01BEFF1BD00668D63 /* AppDelegate.m in Sources */,
				4DBA58E91BEFF1BD00668D63 /* unit_3_final_project.xcdatamodeld in Sources */,
				4DBA58DD1BEFF1BD00668D63 /* main.m in Sources */,
				5FE8B8571BF412DF00D1F557 /* ArtistInfoData.m in Sources */,
				0BE4DCBA1BF1108E0097B34C /* CustomPin.m in Sources */,
				4DBA58F71BEFF34200668D63 /* InitialViewController.m in Sources */,
			);
			runOnlyForDeploymentPostprocessing = 0;
		};
/* End PBXSourcesBuildPhase section */

/* Begin PBXVariantGroup section */
		4DBA58E41BEFF1BD00668D63 /* Main.storyboard */ = {
			isa = PBXVariantGroup;
			children = (
				4DBA58E51BEFF1BD00668D63 /* Base */,
			);
			name = Main.storyboard;
			sourceTree = "<group>";
		};
		4DBA58EC1BEFF1BD00668D63 /* LaunchScreen.storyboard */ = {
			isa = PBXVariantGroup;
			children = (
				4DBA58ED1BEFF1BD00668D63 /* Base */,
			);
			name = LaunchScreen.storyboard;
			sourceTree = "<group>";
		};
/* End PBXVariantGroup section */

/* Begin XCBuildConfiguration section */
		4DBA58F01BEFF1BD00668D63 /* Debug */ = {
			isa = XCBuildConfiguration;
			buildSettings = {
				ALWAYS_SEARCH_USER_PATHS = NO;
				CLANG_CXX_LANGUAGE_STANDARD = "gnu++0x";
				CLANG_CXX_LIBRARY = "libc++";
				CLANG_ENABLE_MODULES = YES;
				CLANG_ENABLE_OBJC_ARC = YES;
				CLANG_WARN_BOOL_CONVERSION = YES;
				CLANG_WARN_CONSTANT_CONVERSION = YES;
				CLANG_WARN_DIRECT_OBJC_ISA_USAGE = YES_ERROR;
				CLANG_WARN_EMPTY_BODY = YES;
				CLANG_WARN_ENUM_CONVERSION = YES;
				CLANG_WARN_INT_CONVERSION = YES;
				CLANG_WARN_OBJC_ROOT_CLASS = YES_ERROR;
				CLANG_WARN_UNREACHABLE_CODE = YES;
				CLANG_WARN__DUPLICATE_METHOD_MATCH = YES;
				"CODE_SIGN_IDENTITY[sdk=iphoneos*]" = "iPhone Developer";
				COPY_PHASE_STRIP = NO;
				DEBUG_INFORMATION_FORMAT = dwarf;
				ENABLE_STRICT_OBJC_MSGSEND = YES;
				ENABLE_TESTABILITY = YES;
				GCC_C_LANGUAGE_STANDARD = gnu99;
				GCC_DYNAMIC_NO_PIC = NO;
				GCC_NO_COMMON_BLOCKS = YES;
				GCC_OPTIMIZATION_LEVEL = 0;
				GCC_PREPROCESSOR_DEFINITIONS = (
					"DEBUG=1",
					"$(inherited)",
				);
				GCC_WARN_64_TO_32_BIT_CONVERSION = YES;
				GCC_WARN_ABOUT_RETURN_TYPE = YES_ERROR;
				GCC_WARN_UNDECLARED_SELECTOR = YES;
				GCC_WARN_UNINITIALIZED_AUTOS = YES_AGGRESSIVE;
				GCC_WARN_UNUSED_FUNCTION = YES;
				GCC_WARN_UNUSED_VARIABLE = YES;
				IPHONEOS_DEPLOYMENT_TARGET = 9.1;
				MTL_ENABLE_DEBUG_INFO = YES;
				ONLY_ACTIVE_ARCH = YES;
				SDKROOT = iphoneos;
			};
			name = Debug;
		};
		4DBA58F11BEFF1BD00668D63 /* Release */ = {
			isa = XCBuildConfiguration;
			buildSettings = {
				ALWAYS_SEARCH_USER_PATHS = NO;
				CLANG_CXX_LANGUAGE_STANDARD = "gnu++0x";
				CLANG_CXX_LIBRARY = "libc++";
				CLANG_ENABLE_MODULES = YES;
				CLANG_ENABLE_OBJC_ARC = YES;
				CLANG_WARN_BOOL_CONVERSION = YES;
				CLANG_WARN_CONSTANT_CONVERSION = YES;
				CLANG_WARN_DIRECT_OBJC_ISA_USAGE = YES_ERROR;
				CLANG_WARN_EMPTY_BODY = YES;
				CLANG_WARN_ENUM_CONVERSION = YES;
				CLANG_WARN_INT_CONVERSION = YES;
				CLANG_WARN_OBJC_ROOT_CLASS = YES_ERROR;
				CLANG_WARN_UNREACHABLE_CODE = YES;
				CLANG_WARN__DUPLICATE_METHOD_MATCH = YES;
				"CODE_SIGN_IDENTITY[sdk=iphoneos*]" = "iPhone Developer";
				COPY_PHASE_STRIP = NO;
				DEBUG_INFORMATION_FORMAT = "dwarf-with-dsym";
				ENABLE_NS_ASSERTIONS = NO;
				ENABLE_STRICT_OBJC_MSGSEND = YES;
				GCC_C_LANGUAGE_STANDARD = gnu99;
				GCC_NO_COMMON_BLOCKS = YES;
				GCC_WARN_64_TO_32_BIT_CONVERSION = YES;
				GCC_WARN_ABOUT_RETURN_TYPE = YES_ERROR;
				GCC_WARN_UNDECLARED_SELECTOR = YES;
				GCC_WARN_UNINITIALIZED_AUTOS = YES_AGGRESSIVE;
				GCC_WARN_UNUSED_FUNCTION = YES;
				GCC_WARN_UNUSED_VARIABLE = YES;
				IPHONEOS_DEPLOYMENT_TARGET = 9.1;
				MTL_ENABLE_DEBUG_INFO = NO;
				SDKROOT = iphoneos;
				VALIDATE_PRODUCT = YES;
			};
			name = Release;
		};
		4DBA58F31BEFF1BD00668D63 /* Debug */ = {
			isa = XCBuildConfiguration;
			baseConfigurationReference = E1CA228851D4E7F9BFEC256D /* Pods.debug.xcconfig */;
			buildSettings = {
				ASSETCATALOG_COMPILER_APPICON_NAME = AppIcon;
				CODE_SIGN_IDENTITY = "iPhone Developer";
				"CODE_SIGN_IDENTITY[sdk=iphoneos*]" = "iPhone Developer";
				INFOPLIST_FILE = "unit-3-final-project/Info.plist";
				LD_RUNPATH_SEARCH_PATHS = "$(inherited) @executable_path/Frameworks";
				PRODUCT_BUNDLE_IDENTIFIER = "shenayoshida.unit-3-final-project";
				PRODUCT_NAME = "$(TARGET_NAME)";
				PROVISIONING_PROFILE = "";
			};
			name = Debug;
		};
		4DBA58F41BEFF1BD00668D63 /* Release */ = {
			isa = XCBuildConfiguration;
			baseConfigurationReference = E381A40FE22BDEDA1E0296EB /* Pods.release.xcconfig */;
			buildSettings = {
				ASSETCATALOG_COMPILER_APPICON_NAME = AppIcon;
				CODE_SIGN_IDENTITY = "iPhone Developer";
				"CODE_SIGN_IDENTITY[sdk=iphoneos*]" = "iPhone Developer";
				INFOPLIST_FILE = "unit-3-final-project/Info.plist";
				LD_RUNPATH_SEARCH_PATHS = "$(inherited) @executable_path/Frameworks";
				PRODUCT_BUNDLE_IDENTIFIER = "shenayoshida.unit-3-final-project";
				PRODUCT_NAME = "$(TARGET_NAME)";
				PROVISIONING_PROFILE = "";
			};
			name = Release;
		};
/* End XCBuildConfiguration section */

/* Begin XCConfigurationList section */
		4DBA58D31BEFF1BD00668D63 /* Build configuration list for PBXProject "unit-3-final-project" */ = {
			isa = XCConfigurationList;
			buildConfigurations = (
				4DBA58F01BEFF1BD00668D63 /* Debug */,
				4DBA58F11BEFF1BD00668D63 /* Release */,
			);
			defaultConfigurationIsVisible = 0;
			defaultConfigurationName = Release;
		};
		4DBA58F21BEFF1BD00668D63 /* Build configuration list for PBXNativeTarget "unit-3-final-project" */ = {
			isa = XCConfigurationList;
			buildConfigurations = (
				4DBA58F31BEFF1BD00668D63 /* Debug */,
				4DBA58F41BEFF1BD00668D63 /* Release */,
			);
			defaultConfigurationIsVisible = 0;
			defaultConfigurationName = Release;
		};
/* End XCConfigurationList section */

/* Begin XCVersionGroup section */
		4DBA58E71BEFF1BD00668D63 /* unit_3_final_project.xcdatamodeld */ = {
			isa = XCVersionGroup;
			children = (
				4DBA58E81BEFF1BD00668D63 /* unit_3_final_project.xcdatamodel */,
			);
			currentVersion = 4DBA58E81BEFF1BD00668D63 /* unit_3_final_project.xcdatamodel */;
			path = unit_3_final_project.xcdatamodeld;
			sourceTree = "<group>";
			versionGroupType = wrapper.xcdatamodel;
		};
/* End XCVersionGroup section */
	};
	rootObject = 4DBA58D01BEFF1BD00668D63 /* Project object */;
}
