PODS:
  - AFNetworking (2.6.3):
    - AFNetworking/NSURLConnection (= 2.6.3)
    - AFNetworking/NSURLSession (= 2.6.3)
    - AFNetworking/Reachability (= 2.6.3)
    - AFNetworking/Security (= 2.6.3)
    - AFNetworking/Serialization (= 2.6.3)
    - AFNetworking/UIKit (= 2.6.3)
  - AFNetworking/NSURLConnection (2.6.3):
    - AFNetworking/Reachability
    - AFNetworking/Security
    - AFNetworking/Serialization
  - AFNetworking/NSURLSession (2.6.3):
    - AFNetworking/Reachability
    - AFNetworking/Security
    - AFNetworking/Serialization
  - AFNetworking/Reachability (2.6.3)
  - AFNetworking/Security (2.6.3)
  - AFNetworking/Serialization (2.6.3)
  - AFNetworking/UIKit (2.6.3):
    - AFNetworking/NSURLConnection
    - AFNetworking/NSURLSession
  - CBZSplashView (1.0.0)
  - ChameleonFramework (2.0.4):
    - ChameleonFramework/Default (= 2.0.4)
  - ChameleonFramework/Default (2.0.4)
  - DGActivityIndicatorView (2.0)
  - HNKGooglePlacesAutocomplete (1.1.1):
    - HNKGooglePlacesAutocomplete/Models (= 1.1.1)
    - HNKServerFacade (~> 0.3)
    - Mantle (~> 2.0)
  - HNKGooglePlacesAutocomplete/Models (1.1.1):
    - HNKGooglePlacesAutocomplete/Models/Networking (= 1.1.1)
    - HNKServerFacade (~> 0.3)
    - Mantle (~> 2.0)
  - HNKGooglePlacesAutocomplete/Models/Networking (1.1.1):
    - HNKServerFacade (~> 0.3)
    - Mantle (~> 2.0)
  - HNKServerFacade (0.3.0):
    - AFNetworking (~> 2.5)
  - Mantle (2.0.5):
    - Mantle/extobjc (= 2.0.5)
  - Mantle/extobjc (2.0.5)
  - MBSimpleLoadingIndicator (0.1.0)
  - Onboard (2.1.7)
  - pop (1.0.8)

DEPENDENCIES:
  - AFNetworking (~> 2.0)
  - CBZSplashView (~> 1.0.0)
  - ChameleonFramework
  - DGActivityIndicatorView
  - DGActivityIndicatorView (~> 2.0)
  - HNKGooglePlacesAutocomplete (~> 1.1)
  - MBSimpleLoadingIndicator (~> 0.1)
  - Onboard
  - pop (~> 1.0)

SPEC CHECKSUMS:
  AFNetworking: cb8d14a848e831097108418f5d49217339d4eb60
  CBZSplashView: 9ce4cba22024476ff4a97d6433e7347da6376016
  ChameleonFramework: 5abe69b1f2a6cc79c3c435fcd9d3d855748225ee
  DGActivityIndicatorView: 52875b025a6ccf6a431a905285c12e2bb95eb559
  HNKGooglePlacesAutocomplete: e3628e130ad9c6b909760bf314b98227b03e708f
  HNKServerFacade: 0fa3839353480b8862563a34903ad1406a38b4c9
  Mantle: 1912395033f601de5adc8ee91e48f46e4c7051ad
  MBSimpleLoadingIndicator: bb386548fda4a75fd792b1793ac1cd8ff2862cf7
  Onboard: 87648089e1b76d13b4f5bf8f7a1cdb144092f0af
  pop: bb773ae2c791ca2629de13b347e7a8b450fa6a57

COCOAPODS: 0.39.0
